
Microsoft Visual Studio Solution File, Format Version 12.00
# Visual Studio Version 16
VisualStudioVersion = 16.0.30523.141
MinimumVisualStudioVersion = 10.0.40219.1
Project("{FAE04EC0-301F-11D3-BF4B-00C04F79EFBC}") = "ClassLibrary1", "ClassLibrary1.csproj", "{B6C19C88-DD01-4BB5-AC63-77AA1A91F4BA}"
EndProject
Global
	GlobalSection(SolutionConfigurationPlatforms) = preSolution
		Debug|Any CPU = Debug|Any CPU
		Release|Any CPU = Release|Any CPU
	EndGlobalSection
	GlobalSection(ProjectConfigurationPlatforms) = postSolution
		{B6C19C88-DD01-4BB5-AC63-77AA1A91F4BA}.Debug|Any CPU.ActiveCfg = Debug|Any CPU
		{B6C19C88-DD01-4BB5-AC63-77AA1A91F4BA}.Debug|Any CPU.Build.0 = Debug|Any CPU
		{B6C19C88-DD01-4BB5-AC63-77AA1A91F4BA}.Release|Any CPU.ActiveCfg = Release|Any CPU
		{B6C19C88-DD01-4BB5-AC63-77AA1A91F4BA}.Release|Any CPU.Build.0 = Release|Any CPU
	EndGlobalSection
	GlobalSection(SolutionProperties) = preSolution
		HideSolutionNode = FALSE
	EndGlobalSection
	GlobalSection(ExtensibilityGlobals) = postSolution
		SolutionGuid = {CCA96FE6-F1B3-42A7-A876-8E7B28EDD118}
	EndGlobalSection
EndGlobal
